PODS:
  - Alamofire (4.7.3)
  - AlamofireImage (3.4.1):
    - Alamofire (~> 4.7)
  - DateToolsSwift (4.0.0)
  - EGFormValidator (2.0.0)
  - FCCarouselView (1.0.7)
  - IQKeyboardManagerSwift (6.0.5)
  - KeychainAccess (3.1.2)
  - KVNProgress (2.3.1)
  - NVActivityIndicatorView (4.0.1):
    - NVActivityIndicatorView/Presenter (= 4.0.1)
  - NVActivityIndicatorView/Presenter (4.0.1)
  - PasswordTextField (1.2.0)
  - ScalingCarousel (2.4.1)
  - Stripe (13.2.0)
  - TBEmptyDataSet (2.8)
  - VersaPlayer (0.1.5)

DEPENDENCIES:
  - Alamofire (~> 4.5)
  - AlamofireImage (~> 3.3)
  - DateToolsSwift
  - EGFormValidator
  - FCCarouselView
  - IQKeyboardManagerSwift (~> 6.0.4)
  - KeychainAccess
  - KVNProgress (~> 2.3.1)
  - NVActivityIndicatorView
  - PasswordTextField
  - ScalingCarousel
  - Stripe
  - TBEmptyDataSet
  - VersaPlayer

SPEC REPOS:
  https://github.com/cocoapods/specs.git:
    - Alamofire
    - AlamofireImage
    - DateToolsSwift
    - EGFormValidator
    - FCCarouselView
    - IQKeyboardManagerSwift
    - KeychainAccess
    - KVNProgress
    - NVActivityIndicatorView
    - PasswordTextField
    - ScalingCarousel
    - Stripe
    - TBEmptyDataSet
    - VersaPlayer

SPEC CHECKSUMS:
  Alamofire: c7287b6e5d7da964a70935e5db17046b7fde6568
  AlamofireImage: 78d67ccbb763d87ba44b21583d2153500a195630
  DateToolsSwift: 875d97ff9e3a5d54abdd67a269b3f51c757b71ab
  EGFormValidator: 075803c0227c2f17c7e87ba43311adbf9beae704
  FCCarouselView: f998bbad5db363451e8e2a45b1e6c276942bd18f
  IQKeyboardManagerSwift: c14eca30f6001457d6ddf25e313f23fb6578c41c
  KeychainAccess: b3816fddcf28aa29d94b10ec305cd52be14c472b
  KVNProgress: 8167b1f19e2758290c0b6143020ed9dcbb0477a1
  NVActivityIndicatorView: 77ed6d7b571643e24899e7858bf9ae2ee4c21f31
  PasswordTextField: 2548de43f150fc90a014da47b0d97e31aada4b94
  ScalingCarousel: 2f8d7d7dc02a4aff33ad0ca4148f9b27b2c8f91c
  Stripe: 2c69e216061d54d9c538204bb4f58bd597ddfc5b
  TBEmptyDataSet: eabe80f13fe620156068d4c3e2ce56227042c96a
  VersaPlayer: 1ae376d04ad8a5625861c633c4a52c8f81550acc

PODFILE CHECKSUM: ada5142523e454cc5ef5b072b88b8892faca0ada

COCOAPODS: 1.5.3
