// !$*UTF8*$!
{
	archiveVersion = 1;
	classes = {
	};
	objectVersion = 48;
	objects = {

/* Begin PBXBuildFile section */
		242BA354EAA70674C31F9182 /* Pods_TapaTV.framework in Frameworks */ = {isa = PBXBuildFile; fileRef = B9E1B33C1C4D16AB1FC18DC8 /* Pods_TapaTV.framework */; };
		94234F822079737700076BC0 /* Movie.swift in Sources */ = {isa = PBXBuildFile; fileRef = 94234F812079737700076BC0 /* Movie.swift */; };
		943062E4205E612900D95CDB /* Constant.swift in Sources */ = {isa = PBXBuildFile; fileRef = 943062E3205E612800D95CDB /* Constant.swift */; };
		943159C72079861D005CEF3C /* MainVC.swift in Sources */ = {isa = PBXBuildFile; fileRef = 943159C62079861D005CEF3C /* MainVC.swift */; };
		943159C9207987A2005CEF3C /* MovieHeaderView.swift in Sources */ = {isa = PBXBuildFile; fileRef = 943159C8207987A2005CEF3C /* MovieHeaderView.swift */; };
		943159D7207AC540005CEF3C /* MovieDetailsVC.swift in Sources */ = {isa = PBXBuildFile; fileRef = 943159D6207AC540005CEF3C /* MovieDetailsVC.swift */; };
		943D07D4205E80D4008AB4D5 /* ShadowImageView.swift in Sources */ = {isa = PBXBuildFile; fileRef = 943D07D3205E80D4008AB4D5 /* ShadowImageView.swift */; };
		946A2F4F205A0A75003014D3 /* AppDelegate.swift in Sources */ = {isa = PBXBuildFile; fileRef = 946A2F4E205A0A75003014D3 /* AppDelegate.swift */; };
		946A2F51205A0A76003014D3 /* StreamTvVC.swift in Sources */ = {isa = PBXBuildFile; fileRef = 946A2F50205A0A76003014D3 /* StreamTvVC.swift */; };
		946A2F56205A0A76003014D3 /* Assets.xcassets in Resources */ = {isa = PBXBuildFile; fileRef = 946A2F55205A0A76003014D3 /* Assets.xcassets */; };
		946A2F59205A0A76003014D3 /* LaunchScreen.storyboard in Resources */ = {isa = PBXBuildFile; fileRef = 946A2F57205A0A76003014D3 /* LaunchScreen.storyboard */; };
		946A2F61205A0CEC003014D3 /* Extension.swift in Sources */ = {isa = PBXBuildFile; fileRef = 946A2F60205A0CEC003014D3 /* Extension.swift */; };
		946A2F6D205C0922003014D3 /* TrailerPageViewController.swift in Sources */ = {isa = PBXBuildFile; fileRef = 946A2F6C205C0922003014D3 /* TrailerPageViewController.swift */; };
		946A2F70205C09A4003014D3 /* Page.swift in Sources */ = {isa = PBXBuildFile; fileRef = 946A2F6F205C09A4003014D3 /* Page.swift */; };
		946A2F74205C09E8003014D3 /* PageCell.swift in Sources */ = {isa = PBXBuildFile; fileRef = 946A2F73205C09E8003014D3 /* PageCell.swift */; };
		946A2F76205C0A0B003014D3 /* GradientView.swift in Sources */ = {isa = PBXBuildFile; fileRef = 946A2F75205C0A0B003014D3 /* GradientView.swift */; };
		946A2F78205C0A2B003014D3 /* GradientButton.swift in Sources */ = {isa = PBXBuildFile; fileRef = 946A2F77205C0A2B003014D3 /* GradientButton.swift */; };
		946A2F7A205C0A4A003014D3 /* TrailerPageControl.swift in Sources */ = {isa = PBXBuildFile; fileRef = 946A2F79205C0A4A003014D3 /* TrailerPageControl.swift */; };
		946A2F7E205C20DB003014D3 /* MainTabViewController.swift in Sources */ = {isa = PBXBuildFile; fileRef = 946A2F7D205C20DB003014D3 /* MainTabViewController.swift */; };
		946A2F84205C21DF003014D3 /* SearchVC.swift in Sources */ = {isa = PBXBuildFile; fileRef = 946A2F83205C21DF003014D3 /* SearchVC.swift */; };
		946A2F86205C21FF003014D3 /* ProfileVC.swift in Sources */ = {isa = PBXBuildFile; fileRef = 946A2F85205C21FF003014D3 /* ProfileVC.swift */; };
		946A2F8B205C2281003014D3 /* NowMovieCell.swift in Sources */ = {isa = PBXBuildFile; fileRef = 946A2F8A205C2281003014D3 /* NowMovieCell.swift */; };
		946A2F8D205C229A003014D3 /* PopularMovieCell.swift in Sources */ = {isa = PBXBuildFile; fileRef = 946A2F8C205C229A003014D3 /* PopularMovieCell.swift */; };
		946A2F8F205C22B6003014D3 /* TVHeaderView.swift in Sources */ = {isa = PBXBuildFile; fileRef = 946A2F8E205C22B6003014D3 /* TVHeaderView.swift */; };
		946A2F91205C22DA003014D3 /* PopularTVCell.swift in Sources */ = {isa = PBXBuildFile; fileRef = 946A2F90205C22DA003014D3 /* PopularTVCell.swift */; };
		946A2F93205C22FD003014D3 /* NowCell.swift in Sources */ = {isa = PBXBuildFile; fileRef = 946A2F92205C22FD003014D3 /* NowCell.swift */; };
		946A2F95205C231E003014D3 /* SeeMoreCell.swift in Sources */ = {isa = PBXBuildFile; fileRef = 946A2F94205C231E003014D3 /* SeeMoreCell.swift */; };
		946A2F97205C2358003014D3 /* LoginVC.swift in Sources */ = {isa = PBXBuildFile; fileRef = 946A2F96205C2358003014D3 /* LoginVC.swift */; };
		946A2F99205C23EC003014D3 /* MovieListVC.swift in Sources */ = {isa = PBXBuildFile; fileRef = 946A2F98205C23EC003014D3 /* MovieListVC.swift */; };
		94850F0A20AB74C400F33B38 /* TVVC.swift in Sources */ = {isa = PBXBuildFile; fileRef = 94850F0920AB74C400F33B38 /* TVVC.swift */; };
		94850F0C20AB780500F33B38 /* MovieDetalsSectionOneCel.swift in Sources */ = {isa = PBXBuildFile; fileRef = 94850F0B20AB780500F33B38 /* MovieDetalsSectionOneCel.swift */; };
		94850F0E20AC6E8500F33B38 /* AccountCell.swift in Sources */ = {isa = PBXBuildFile; fileRef = 94850F0D20AC6E8500F33B38 /* AccountCell.swift */; };
		94850F1020AC6EA300F33B38 /* SubscriptionCell.swift in Sources */ = {isa = PBXBuildFile; fileRef = 94850F0F20AC6EA300F33B38 /* SubscriptionCell.swift */; };
		948B3C8520679244009479B3 /* ApiService.swift in Sources */ = {isa = PBXBuildFile; fileRef = 948B3C8420679244009479B3 /* ApiService.swift */; };
		948B3C882067966E009479B3 /* User.swift in Sources */ = {isa = PBXBuildFile; fileRef = 948B3C872067966E009479B3 /* User.swift */; };
		94C6E31420A10FD500E22C87 /* SliderView.swift in Sources */ = {isa = PBXBuildFile; fileRef = 94C6E31320A10FD500E22C87 /* SliderView.swift */; };
		94C6E31A20A13DB800E22C87 /* UISideMenuNavigationController.swift in Sources */ = {isa = PBXBuildFile; fileRef = 94C6E31920A13DB800E22C87 /* UISideMenuNavigationController.swift */; };
		94C6E31C20A13DCF00E22C87 /* SideMenuManager.swift in Sources */ = {isa = PBXBuildFile; fileRef = 94C6E31B20A13DCF00E22C87 /* SideMenuManager.swift */; };
		94C6E31E20A13DE800E22C87 /* SideMenuTransition.swift in Sources */ = {isa = PBXBuildFile; fileRef = 94C6E31D20A13DE800E22C87 /* SideMenuTransition.swift */; };
		94C6E32020A1404700E22C87 /* SlideVC.swift in Sources */ = {isa = PBXBuildFile; fileRef = 94C6E31F20A1404700E22C87 /* SlideVC.swift */; };
		94C6E32320A1C66100E22C87 /* SettingsVC.swift in Sources */ = {isa = PBXBuildFile; fileRef = 94C6E32220A1C66100E22C87 /* SettingsVC.swift */; };
		94C6E32B20A1D25500E22C87 /* Popover.swift in Sources */ = {isa = PBXBuildFile; fileRef = 94C6E32A20A1D25500E22C87 /* Popover.swift */; };
		94F2C64D206C540100BD3507 /* SignupVC.swift in Sources */ = {isa = PBXBuildFile; fileRef = 94F2C64C206C540100BD3507 /* SignupVC.swift */; };
		94F69DCB20AB32BF009FBB7D /* ImageCell.swift in Sources */ = {isa = PBXBuildFile; fileRef = 94F69DCA20AB32BF009FBB7D /* ImageCell.swift */; };
/* End PBXBuildFile section */

/* Begin PBXFileReference section */
		6F2EB7EFB04B21777FB56AF6 /* Pods-TapaTV.release.xcconfig */ = {isa = PBXFileReference; includeInIndex = 1; lastKnownFileType = text.xcconfig; name = "Pods-TapaTV.release.xcconfig"; path = "Pods/Target Support Files/Pods-TapaTV/Pods-TapaTV.release.xcconfig"; sourceTree = "<group>"; };
		94234F812079737700076BC0 /* Movie.swift */ = {isa = PBXFileReference; lastKnownFileType = sourcecode.swift; path = Movie.swift; sourceTree = "<group>"; };
		943062E3205E612800D95CDB /* Constant.swift */ = {isa = PBXFileReference; lastKnownFileType = sourcecode.swift; path = Constant.swift; sourceTree = "<group>"; };
		943159C62079861D005CEF3C /* MainVC.swift */ = {isa = PBXFileReference; lastKnownFileType = sourcecode.swift; path = MainVC.swift; sourceTree = "<group>"; };
		943159C8207987A2005CEF3C /* MovieHeaderView.swift */ = {isa = PBXFileReference; lastKnownFileType = sourcecode.swift; path = MovieHeaderView.swift; sourceTree = "<group>"; };
		943159D6207AC540005CEF3C /* MovieDetailsVC.swift */ = {isa = PBXFileReference; lastKnownFileType = sourcecode.swift; path = MovieDetailsVC.swift; sourceTree = "<group>"; };
		943D07D3205E80D4008AB4D5 /* ShadowImageView.swift */ = {isa = PBXFileReference; lastKnownFileType = sourcecode.swift; path = ShadowImageView.swift; sourceTree = "<group>"; };
		946A2F4B205A0A75003014D3 /* TapaTV.app */ = {isa = PBXFileReference; explicitFileType = wrapper.application; includeInIndex = 0; path = TapaTV.app; sourceTree = BUILT_PRODUCTS_DIR; };
		946A2F4E205A0A75003014D3 /* AppDelegate.swift */ = {isa = PBXFileReference; lastKnownFileType = sourcecode.swift; path = AppDelegate.swift; sourceTree = "<group>"; };
		946A2F50205A0A76003014D3 /* StreamTvVC.swift */ = {isa = PBXFileReference; lastKnownFileType = sourcecode.swift; path = StreamTvVC.swift; sourceTree = "<group>"; };
		946A2F55205A0A76003014D3 /* Assets.xcassets */ = {isa = PBXFileReference; lastKnownFileType = folder.assetcatalog; path = Assets.xcassets; sourceTree = "<group>"; };
		946A2F58205A0A76003014D3 /* Base */ = {isa = PBXFileReference; lastKnownFileType = file.storyboard; name = Base; path = Base.lproj/LaunchScreen.storyboard; sourceTree = "<group>"; };
		946A2F5A205A0A76003014D3 /* Info.plist */ = {isa = PBXFileReference; lastKnownFileType = text.plist.xml; path = Info.plist; sourceTree = "<group>"; };
		946A2F60205A0CEC003014D3 /* Extension.swift */ = {isa = PBXFileReference; lastKnownFileType = sourcecode.swift; path = Extension.swift; sourceTree = "<group>"; };
		946A2F6C205C0922003014D3 /* TrailerPageViewController.swift */ = {isa = PBXFileReference; lastKnownFileType = sourcecode.swift; path = TrailerPageViewController.swift; sourceTree = "<group>"; };
		946A2F6F205C09A4003014D3 /* Page.swift */ = {isa = PBXFileReference; lastKnownFileType = sourcecode.swift; path = Page.swift; sourceTree = "<group>"; };
		946A2F73205C09E8003014D3 /* PageCell.swift */ = {isa = PBXFileReference; lastKnownFileType = sourcecode.swift; path = PageCell.swift; sourceTree = "<group>"; };
		946A2F75205C0A0B003014D3 /* GradientView.swift */ = {isa = PBXFileReference; lastKnownFileType = sourcecode.swift; path = GradientView.swift; sourceTree = "<group>"; };
		946A2F77205C0A2B003014D3 /* GradientButton.swift */ = {isa = PBXFileReference; lastKnownFileType = sourcecode.swift; path = GradientButton.swift; sourceTree = "<group>"; };
		946A2F79205C0A4A003014D3 /* TrailerPageControl.swift */ = {isa = PBXFileReference; lastKnownFileType = sourcecode.swift; path = TrailerPageControl.swift; sourceTree = "<group>"; };
		946A2F7D205C20DB003014D3 /* MainTabViewController.swift */ = {isa = PBXFileReference; lastKnownFileType = sourcecode.swift; path = MainTabViewController.swift; sourceTree = "<group>"; };
		946A2F83205C21DF003014D3 /* SearchVC.swift */ = {isa = PBXFileReference; lastKnownFileType = sourcecode.swift; path = SearchVC.swift; sourceTree = "<group>"; };
		946A2F85205C21FF003014D3 /* ProfileVC.swift */ = {isa = PBXFileReference; lastKnownFileType = sourcecode.swift; path = ProfileVC.swift; sourceTree = "<group>"; };
		946A2F8A205C2281003014D3 /* NowMovieCell.swift */ = {isa = PBXFileReference; lastKnownFileType = sourcecode.swift; path = NowMovieCell.swift; sourceTree = "<group>"; };
		946A2F8C205C229A003014D3 /* PopularMovieCell.swift */ = {isa = PBXFileReference; lastKnownFileType = sourcecode.swift; path = PopularMovieCell.swift; sourceTree = "<group>"; };
		946A2F8E205C22B6003014D3 /* TVHeaderView.swift */ = {isa = PBXFileReference; lastKnownFileType = sourcecode.swift; path = TVHeaderView.swift; sourceTree = "<group>"; };
		946A2F90205C22DA003014D3 /* PopularTVCell.swift */ = {isa = PBXFileReference; lastKnownFileType = sourcecode.swift; path = PopularTVCell.swift; sourceTree = "<group>"; };
		946A2F92205C22FD003014D3 /* NowCell.swift */ = {isa = PBXFileReference; lastKnownFileType = sourcecode.swift; path = NowCell.swift; sourceTree = "<group>"; };
		946A2F94205C231E003014D3 /* SeeMoreCell.swift */ = {isa = PBXFileReference; lastKnownFileType = sourcecode.swift; path = SeeMoreCell.swift; sourceTree = "<group>"; };
		946A2F96205C2358003014D3 /* LoginVC.swift */ = {isa = PBXFileReference; lastKnownFileType = sourcecode.swift; path = LoginVC.swift; sourceTree = "<group>"; };
		946A2F98205C23EC003014D3 /* MovieListVC.swift */ = {isa = PBXFileReference; lastKnownFileType = sourcecode.swift; path = MovieListVC.swift; sourceTree = "<group>"; };
		94850F0920AB74C400F33B38 /* TVVC.swift */ = {isa = PBXFileReference; lastKnownFileType = sourcecode.swift; path = TVVC.swift; sourceTree = "<group>"; };
		94850F0B20AB780500F33B38 /* MovieDetalsSectionOneCel.swift */ = {isa = PBXFileReference; lastKnownFileType = sourcecode.swift; path = MovieDetalsSectionOneCel.swift; sourceTree = "<group>"; };
		94850F0D20AC6E8500F33B38 /* AccountCell.swift */ = {isa = PBXFileReference; lastKnownFileType = sourcecode.swift; path = AccountCell.swift; sourceTree = "<group>"; };
		94850F0F20AC6EA300F33B38 /* SubscriptionCell.swift */ = {isa = PBXFileReference; lastKnownFileType = sourcecode.swift; path = SubscriptionCell.swift; sourceTree = "<group>"; };
		948B3C8420679244009479B3 /* ApiService.swift */ = {isa = PBXFileReference; lastKnownFileType = sourcecode.swift; path = ApiService.swift; sourceTree = "<group>"; };
		948B3C872067966E009479B3 /* User.swift */ = {isa = PBXFileReference; lastKnownFileType = sourcecode.swift; path = User.swift; sourceTree = "<group>"; };
		94C6E31320A10FD500E22C87 /* SliderView.swift */ = {isa = PBXFileReference; lastKnownFileType = sourcecode.swift; path = SliderView.swift; sourceTree = "<group>"; };
		94C6E31920A13DB800E22C87 /* UISideMenuNavigationController.swift */ = {isa = PBXFileReference; lastKnownFileType = sourcecode.swift; path = UISideMenuNavigationController.swift; sourceTree = "<group>"; };
		94C6E31B20A13DCF00E22C87 /* SideMenuManager.swift */ = {isa = PBXFileReference; lastKnownFileType = sourcecode.swift; path = SideMenuManager.swift; sourceTree = "<group>"; };
		94C6E31D20A13DE800E22C87 /* SideMenuTransition.swift */ = {isa = PBXFileReference; lastKnownFileType = sourcecode.swift; path = SideMenuTransition.swift; sourceTree = "<group>"; };
		94C6E31F20A1404700E22C87 /* SlideVC.swift */ = {isa = PBXFileReference; lastKnownFileType = sourcecode.swift; path = SlideVC.swift; sourceTree = "<group>"; };
		94C6E32220A1C66100E22C87 /* SettingsVC.swift */ = {isa = PBXFileReference; lastKnownFileType = sourcecode.swift; path = SettingsVC.swift; sourceTree = "<group>"; };
		94C6E32A20A1D25500E22C87 /* Popover.swift */ = {isa = PBXFileReference; lastKnownFileType = sourcecode.swift; path = Popover.swift; sourceTree = "<group>"; };
		94F2C64C206C540100BD3507 /* SignupVC.swift */ = {isa = PBXFileReference; lastKnownFileType = sourcecode.swift; path = SignupVC.swift; sourceTree = "<group>"; };
		94F69DCA20AB32BF009FBB7D /* ImageCell.swift */ = {isa = PBXFileReference; lastKnownFileType = sourcecode.swift; path = ImageCell.swift; sourceTree = "<group>"; };
		B9E1B33C1C4D16AB1FC18DC8 /* Pods_TapaTV.framework */ = {isa = PBXFileReference; explicitFileType = wrapper.framework; includeInIndex = 0; path = Pods_TapaTV.framework; sourceTree = BUILT_PRODUCTS_DIR; };
		E7AAE6542FCF3F454E331ACB /* Pods-TapaTV.debug.xcconfig */ = {isa = PBXFileReference; includeInIndex = 1; lastKnownFileType = text.xcconfig; name = "Pods-TapaTV.debug.xcconfig"; path = "Pods/Target Support Files/Pods-TapaTV/Pods-TapaTV.debug.xcconfig"; sourceTree = "<group>"; };
/* End PBXFileReference section */

/* Begin PBXFrameworksBuildPhase section */
		946A2F48205A0A75003014D3 /* Frameworks */ = {
			isa = PBXFrameworksBuildPhase;
			buildActionMask = 2147483647;
			files = (
				242BA354EAA70674C31F9182 /* Pods_TapaTV.framework in Frameworks */,
			);
			runOnlyForDeploymentPostprocessing = 0;
		};
/* End PBXFrameworksBuildPhase section */

/* Begin PBXGroup section */
		5CBF633F3E4D6B6C6E3748C5 /* Frameworks */ = {
			isa = PBXGroup;
			children = (
				B9E1B33C1C4D16AB1FC18DC8 /* Pods_TapaTV.framework */,
			);
			name = Frameworks;
			sourceTree = "<group>";
		};
		946A2F42205A0A75003014D3 = {
			isa = PBXGroup;
			children = (
				946A2F4D205A0A75003014D3 /* TapaTV */,
				946A2F4C205A0A75003014D3 /* Products */,
				D3404BD35AB885A3821CBEDE /* Pods */,
				5CBF633F3E4D6B6C6E3748C5 /* Frameworks */,
			);
			sourceTree = "<group>";
		};
		946A2F4C205A0A75003014D3 /* Products */ = {
			isa = PBXGroup;
			children = (
				946A2F4B205A0A75003014D3 /* TapaTV.app */,
			);
			name = Products;
			sourceTree = "<group>";
		};
		946A2F4D205A0A75003014D3 /* TapaTV */ = {
			isa = PBXGroup;
			children = (
				948B3C83206790CC009479B3 /* Service */,
				946A2F7C205C0A94003014D3 /* Helper */,
				946A2F62205A138C003014D3 /* CustomView */,
				946A2F6B205C090E003014D3 /* Tapa */,
				946A2F4E205A0A75003014D3 /* AppDelegate.swift */,
				946A2F55205A0A76003014D3 /* Assets.xcassets */,
				946A2F57205A0A76003014D3 /* LaunchScreen.storyboard */,
				946A2F5A205A0A76003014D3 /* Info.plist */,
			);
			path = TapaTV;
			sourceTree = "<group>";
		};
		946A2F62205A138C003014D3 /* CustomView */ = {
			isa = PBXGroup;
			children = (
				94C6E31820A13D9600E22C87 /* SlideMenuNavigationController */,
				946A2F75205C0A0B003014D3 /* GradientView.swift */,
				946A2F77205C0A2B003014D3 /* GradientButton.swift */,
				946A2F79205C0A4A003014D3 /* TrailerPageControl.swift */,
				943D07D3205E80D4008AB4D5 /* ShadowImageView.swift */,
				94C6E31320A10FD500E22C87 /* SliderView.swift */,
				94C6E32A20A1D25500E22C87 /* Popover.swift */,
			);
			path = CustomView;
			sourceTree = "<group>";
		};
		946A2F6B205C090E003014D3 /* Tapa */ = {
			isa = PBXGroup;
			children = (
				946A2F7F205C2171003014D3 /* Main */,
				946A2F6E205C0990003014D3 /* Onboarding */,
			);
			path = Tapa;
			sourceTree = "<group>";
		};
		946A2F6E205C0990003014D3 /* Onboarding */ = {
			isa = PBXGroup;
			children = (
				946A2F71205C09CF003014D3 /* Model */,
				946A2F72205C09DC003014D3 /* View */,
				946A2F7B205C0A54003014D3 /* Controller */,
			);
			path = Onboarding;
			sourceTree = "<group>";
		};
		946A2F71205C09CF003014D3 /* Model */ = {
			isa = PBXGroup;
			children = (
				946A2F6F205C09A4003014D3 /* Page.swift */,
			);
			path = Model;
			sourceTree = "<group>";
		};
		946A2F72205C09DC003014D3 /* View */ = {
			isa = PBXGroup;
			children = (
				946A2F73205C09E8003014D3 /* PageCell.swift */,
			);
			path = View;
			sourceTree = "<group>";
		};
		946A2F7B205C0A54003014D3 /* Controller */ = {
			isa = PBXGroup;
			children = (
				946A2F6C205C0922003014D3 /* TrailerPageViewController.swift */,
			);
			path = Controller;
			sourceTree = "<group>";
		};
		946A2F7C205C0A94003014D3 /* Helper */ = {
			isa = PBXGroup;
			children = (
				946A2F60205A0CEC003014D3 /* Extension.swift */,
				943062E3205E612800D95CDB /* Constant.swift */,
			);
			path = Helper;
			sourceTree = "<group>";
		};
		946A2F7F205C2171003014D3 /* Main */ = {
			isa = PBXGroup;
			children = (
				948B3C8620679660009479B3 /* Model */,
				946A2F87205C2214003014D3 /* View */,
				946A2F80205C218E003014D3 /* Controller */,
			);
			path = Main;
			sourceTree = "<group>";
		};
		946A2F80205C218E003014D3 /* Controller */ = {
			isa = PBXGroup;
			children = (
				94C6E32120A1C62900E22C87 /* DrawerControllers */,
				946A2F7D205C20DB003014D3 /* MainTabViewController.swift */,
				946A2F50205A0A76003014D3 /* StreamTvVC.swift */,
				946A2F83205C21DF003014D3 /* SearchVC.swift */,
				946A2F96205C2358003014D3 /* LoginVC.swift */,
				946A2F98205C23EC003014D3 /* MovieListVC.swift */,
				94F2C64C206C540100BD3507 /* SignupVC.swift */,
				943159C62079861D005CEF3C /* MainVC.swift */,
				943159D6207AC540005CEF3C /* MovieDetailsVC.swift */,
				94850F0920AB74C400F33B38 /* TVVC.swift */,
			);
			path = Controller;
			sourceTree = "<group>";
		};
		946A2F87205C2214003014D3 /* View */ = {
			isa = PBXGroup;
			children = (
				946A2F8A205C2281003014D3 /* NowMovieCell.swift */,
				946A2F8C205C229A003014D3 /* PopularMovieCell.swift */,
				946A2F8E205C22B6003014D3 /* TVHeaderView.swift */,
				946A2F90205C22DA003014D3 /* PopularTVCell.swift */,
				946A2F92205C22FD003014D3 /* NowCell.swift */,
				946A2F94205C231E003014D3 /* SeeMoreCell.swift */,
				943159C8207987A2005CEF3C /* MovieHeaderView.swift */,
				94F69DCA20AB32BF009FBB7D /* ImageCell.swift */,
				94850F0B20AB780500F33B38 /* MovieDetalsSectionOneCel.swift */,
				94850F0D20AC6E8500F33B38 /* AccountCell.swift */,
				94850F0F20AC6EA300F33B38 /* SubscriptionCell.swift */,
			);
			path = View;
			sourceTree = "<group>";
		};
		948B3C83206790CC009479B3 /* Service */ = {
			isa = PBXGroup;
			children = (
				948B3C8420679244009479B3 /* ApiService.swift */,
			);
			path = Service;
			sourceTree = "<group>";
		};
		948B3C8620679660009479B3 /* Model */ = {
			isa = PBXGroup;
			children = (
				948B3C872067966E009479B3 /* User.swift */,
				94234F812079737700076BC0 /* Movie.swift */,
			);
			path = Model;
			sourceTree = "<group>";
		};
		94C6E31820A13D9600E22C87 /* SlideMenuNavigationController */ = {
			isa = PBXGroup;
			children = (
				94C6E31920A13DB800E22C87 /* UISideMenuNavigationController.swift */,
				94C6E31B20A13DCF00E22C87 /* SideMenuManager.swift */,
				94C6E31D20A13DE800E22C87 /* SideMenuTransition.swift */,
			);
			path = SlideMenuNavigationController;
			sourceTree = "<group>";
		};
		94C6E32120A1C62900E22C87 /* DrawerControllers */ = {
			isa = PBXGroup;
			children = (
				946A2F85205C21FF003014D3 /* ProfileVC.swift */,
				94C6E31F20A1404700E22C87 /* SlideVC.swift */,
				94C6E32220A1C66100E22C87 /* SettingsVC.swift */,
			);
			path = DrawerControllers;
			sourceTree = "<group>";
		};
		D3404BD35AB885A3821CBEDE /* Pods */ = {
			isa = PBXGroup;
			children = (
				E7AAE6542FCF3F454E331ACB /* Pods-TapaTV.debug.xcconfig */,
				6F2EB7EFB04B21777FB56AF6 /* Pods-TapaTV.release.xcconfig */,
			);
			name = Pods;
			sourceTree = "<group>";
		};
/* End PBXGroup section */

/* Begin PBXNativeTarget section */
		946A2F4A205A0A75003014D3 /* TapaTV */ = {
			isa = PBXNativeTarget;
			buildConfigurationList = 946A2F5D205A0A76003014D3 /* Build configuration list for PBXNativeTarget "TapaTV" */;
			buildPhases = (
				2B89CE24DA971C80BF2A9CB3 /* [CP] Check Pods Manifest.lock */,
				946A2F47205A0A75003014D3 /* Sources */,
				946A2F48205A0A75003014D3 /* Frameworks */,
				946A2F49205A0A75003014D3 /* Resources */,
				962ED02715E361CF1A026FC5 /* [CP] Embed Pods Frameworks */,
				56F3BD95131AA7276FDE8F4E /* [CP] Copy Pods Resources */,
			);
			buildRules = (
			);
			dependencies = (
			);
			name = TapaTV;
			productName = TapaTV;
			productReference = 946A2F4B205A0A75003014D3 /* TapaTV.app */;
			productType = "com.apple.product-type.application";
		};
/* End PBXNativeTarget section */

/* Begin PBXProject section */
		946A2F43205A0A75003014D3 /* Project object */ = {
			isa = PBXProject;
			attributes = {
				LastSwiftUpdateCheck = 0920;
				LastUpgradeCheck = 0920;
				ORGANIZATIONNAME = SimpuMind;
				TargetAttributes = {
					946A2F4A205A0A75003014D3 = {
						CreatedOnToolsVersion = 9.2;
						ProvisioningStyle = Automatic;
					};
				};
			};
			buildConfigurationList = 946A2F46205A0A75003014D3 /* Build configuration list for PBXProject "TapaTV" */;
			compatibilityVersion = "Xcode 8.0";
			developmentRegion = en;
			hasScannedForEncodings = 0;
			knownRegions = (
				en,
				Base,
			);
			mainGroup = 946A2F42205A0A75003014D3;
			productRefGroup = 946A2F4C205A0A75003014D3 /* Products */;
			projectDirPath = "";
			projectRoot = "";
			targets = (
				946A2F4A205A0A75003014D3 /* TapaTV */,
			);
		};
/* End PBXProject section */

/* Begin PBXResourcesBuildPhase section */
		946A2F49205A0A75003014D3 /* Resources */ = {
			isa = PBXResourcesBuildPhase;
			buildActionMask = 2147483647;
			files = (
				946A2F59205A0A76003014D3 /* LaunchScreen.storyboard in Resources */,
				946A2F56205A0A76003014D3 /* Assets.xcassets in Resources */,
			);
			runOnlyForDeploymentPostprocessing = 0;
		};
/* End PBXResourcesBuildPhase section */

/* Begin PBXShellScriptBuildPhase section */
		2B89CE24DA971C80BF2A9CB3 /* [CP] Check Pods Manifest.lock */ = {
			isa = PBXShellScriptBuildPhase;
			buildActionMask = 2147483647;
			files = (
			);
			inputPaths = (
				"${PODS_PODFILE_DIR_PATH}/Podfile.lock",
				"${PODS_ROOT}/Manifest.lock",
			);
			name = "[CP] Check Pods Manifest.lock";
			outputPaths = (
				"$(DERIVED_FILE_DIR)/Pods-TapaTV-checkManifestLockResult.txt",
			);
			runOnlyForDeploymentPostprocessing = 0;
			shellPath = /bin/sh;
			shellScript = "diff \"${PODS_PODFILE_DIR_PATH}/Podfile.lock\" \"${PODS_ROOT}/Manifest.lock\" > /dev/null\nif [ $? != 0 ] ; then\n    # print error to STDERR\n    echo \"error: The sandbox is not in sync with the Podfile.lock. Run 'pod install' or update your CocoaPods installation.\" >&2\n    exit 1\nfi\n# This output is used by Xcode 'outputs' to avoid re-running this script phase.\necho \"SUCCESS\" > \"${SCRIPT_OUTPUT_FILE_0}\"\n";
			showEnvVarsInLog = 0;
		};
		56F3BD95131AA7276FDE8F4E /* [CP] Copy Pods Resources */ = {
			isa = PBXShellScriptBuildPhase;
			buildActionMask = 2147483647;
			files = (
			);
			inputPaths = (
			);
			name = "[CP] Copy Pods Resources";
			outputPaths = (
			);
			runOnlyForDeploymentPostprocessing = 0;
			shellPath = /bin/sh;
			shellScript = "\"${SRCROOT}/Pods/Target Support Files/Pods-TapaTV/Pods-TapaTV-resources.sh\"\n";
			showEnvVarsInLog = 0;
		};
		962ED02715E361CF1A026FC5 /* [CP] Embed Pods Frameworks */ = {
			isa = PBXShellScriptBuildPhase;
			buildActionMask = 2147483647;
			files = (
			);
			inputPaths = (
				"${SRCROOT}/Pods/Target Support Files/Pods-TapaTV/Pods-TapaTV-frameworks.sh",
				"${BUILT_PRODUCTS_DIR}/Alamofire/Alamofire.framework",
				"${BUILT_PRODUCTS_DIR}/AlamofireImage/AlamofireImage.framework",
				"${BUILT_PRODUCTS_DIR}/BMPlayer/BMPlayer.framework",
				"${BUILT_PRODUCTS_DIR}/EGFormValidator/EGFormValidator.framework",
				"${BUILT_PRODUCTS_DIR}/FCCarouselView/FCCarouselView.framework",
				"${BUILT_PRODUCTS_DIR}/IQKeyboardManagerSwift/IQKeyboardManagerSwift.framework",
				"${BUILT_PRODUCTS_DIR}/KVNProgress/KVNProgress.framework",
				"${BUILT_PRODUCTS_DIR}/KeychainAccess/KeychainAccess.framework",
				"${BUILT_PRODUCTS_DIR}/Masonry/Masonry.framework",
				"${BUILT_PRODUCTS_DIR}/NVActivityIndicatorView/NVActivityIndicatorView.framework",
				"${BUILT_PRODUCTS_DIR}/PasswordTextField/PasswordTextField.framework",
				"${BUILT_PRODUCTS_DIR}/Player/Player.framework",
				"${BUILT_PRODUCTS_DIR}/ScalingCarousel/ScalingCarousel.framework",
				"${BUILT_PRODUCTS_DIR}/SnapKit/SnapKit.framework",
				"${BUILT_PRODUCTS_DIR}/Stripe/Stripe.framework",
				"${BUILT_PRODUCTS_DIR}/TBEmptyDataSet/TBEmptyDataSet.framework",
				"${BUILT_PRODUCTS_DIR}/ZFPlayer/ZFPlayer.framework",
			);
			name = "[CP] Embed Pods Frameworks";
			outputPaths = (
				"${TARGET_BUILD_DIR}/${FRAMEWORKS_FOLDER_PATH}/Alamofire.framework",
				"${TARGET_BUILD_DIR}/${FRAMEWORKS_FOLDER_PATH}/AlamofireImage.framework",
				"${TARGET_BUILD_DIR}/${FRAMEWORKS_FOLDER_PATH}/BMPlayer.framework",
				"${TARGET_BUILD_DIR}/${FRAMEWORKS_FOLDER_PATH}/EGFormValidator.framework",
				"${TARGET_BUILD_DIR}/${FRAMEWORKS_FOLDER_PATH}/FCCarouselView.framework",
				"${TARGET_BUILD_DIR}/${FRAMEWORKS_FOLDER_PATH}/IQKeyboardManagerSwift.framework",
				"${TARGET_BUILD_DIR}/${FRAMEWORKS_FOLDER_PATH}/KVNProgress.framework",
				"${TARGET_BUILD_DIR}/${FRAMEWORKS_FOLDER_PATH}/KeychainAccess.framework",
				"${TARGET_BUILD_DIR}/${FRAMEWORKS_FOLDER_PATH}/Masonry.framework",
				"${TARGET_BUILD_DIR}/${FRAMEWORKS_FOLDER_PATH}/NVActivityIndicatorView.framework",
				"${TARGET_BUILD_DIR}/${FRAMEWORKS_FOLDER_PATH}/PasswordTextField.framework",
				"${TARGET_BUILD_DIR}/${FRAMEWORKS_FOLDER_PATH}/Player.framework",
				"${TARGET_BUILD_DIR}/${FRAMEWORKS_FOLDER_PATH}/ScalingCarousel.framework",
				"${TARGET_BUILD_DIR}/${FRAMEWORKS_FOLDER_PATH}/SnapKit.framework",
				"${TARGET_BUILD_DIR}/${FRAMEWORKS_FOLDER_PATH}/Stripe.framework",
				"${TARGET_BUILD_DIR}/${FRAMEWORKS_FOLDER_PATH}/TBEmptyDataSet.framework",
				"${TARGET_BUILD_DIR}/${FRAMEWORKS_FOLDER_PATH}/ZFPlayer.framework",
			);
			runOnlyForDeploymentPostprocessing = 0;
			shellPath = /bin/sh;
			shellScript = "\"${SRCROOT}/Pods/Target Support Files/Pods-TapaTV/Pods-TapaTV-frameworks.sh\"\n";
			showEnvVarsInLog = 0;
		};
/* End PBXShellScriptBuildPhase section */

/* Begin PBXSourcesBuildPhase section */
		946A2F47205A0A75003014D3 /* Sources */ = {
			isa = PBXSourcesBuildPhase;
			buildActionMask = 2147483647;
			files = (
				946A2F97205C2358003014D3 /* LoginVC.swift in Sources */,
				94850F0E20AC6E8500F33B38 /* AccountCell.swift in Sources */,
				94850F0C20AB780500F33B38 /* MovieDetalsSectionOneCel.swift in Sources */,
				946A2F61205A0CEC003014D3 /* Extension.swift in Sources */,
				946A2F8B205C2281003014D3 /* NowMovieCell.swift in Sources */,
				943D07D4205E80D4008AB4D5 /* ShadowImageView.swift in Sources */,
				946A2F84205C21DF003014D3 /* SearchVC.swift in Sources */,
				94C6E31C20A13DCF00E22C87 /* SideMenuManager.swift in Sources */,
				94C6E32020A1404700E22C87 /* SlideVC.swift in Sources */,
				948B3C882067966E009479B3 /* User.swift in Sources */,
				946A2F86205C21FF003014D3 /* ProfileVC.swift in Sources */,
				94C6E31E20A13DE800E22C87 /* SideMenuTransition.swift in Sources */,
				94C6E32B20A1D25500E22C87 /* Popover.swift in Sources */,
				94F2C64D206C540100BD3507 /* SignupVC.swift in Sources */,
				943159C72079861D005CEF3C /* MainVC.swift in Sources */,
				946A2F99205C23EC003014D3 /* MovieListVC.swift in Sources */,
				946A2F70205C09A4003014D3 /* Page.swift in Sources */,
				943159C9207987A2005CEF3C /* MovieHeaderView.swift in Sources */,
				946A2F6D205C0922003014D3 /* TrailerPageViewController.swift in Sources */,
				943159D7207AC540005CEF3C /* MovieDetailsVC.swift in Sources */,
				94C6E31420A10FD500E22C87 /* SliderView.swift in Sources */,
				94C6E32320A1C66100E22C87 /* SettingsVC.swift in Sources */,
				94850F0A20AB74C400F33B38 /* TVVC.swift in Sources */,
				946A2F91205C22DA003014D3 /* PopularTVCell.swift in Sources */,
				943062E4205E612900D95CDB /* Constant.swift in Sources */,
				946A2F78205C0A2B003014D3 /* GradientButton.swift in Sources */,
				946A2F51205A0A76003014D3 /* StreamTvVC.swift in Sources */,
				946A2F93205C22FD003014D3 /* NowCell.swift in Sources */,
				94C6E31A20A13DB800E22C87 /* UISideMenuNavigationController.swift in Sources */,
				946A2F7E205C20DB003014D3 /* MainTabViewController.swift in Sources */,
				946A2F7A205C0A4A003014D3 /* TrailerPageControl.swift in Sources */,
				946A2F8F205C22B6003014D3 /* TVHeaderView.swift in Sources */,
				948B3C8520679244009479B3 /* ApiService.swift in Sources */,
				94234F822079737700076BC0 /* Movie.swift in Sources */,
				946A2F4F205A0A75003014D3 /* AppDelegate.swift in Sources */,
				946A2F8D205C229A003014D3 /* PopularMovieCell.swift in Sources */,
				946A2F76205C0A0B003014D3 /* GradientView.swift in Sources */,
				946A2F95205C231E003014D3 /* SeeMoreCell.swift in Sources */,
				946A2F74205C09E8003014D3 /* PageCell.swift in Sources */,
				94F69DCB20AB32BF009FBB7D /* ImageCell.swift in Sources */,
				94850F1020AC6EA300F33B38 /* SubscriptionCell.swift in Sources */,
			);
			runOnlyForDeploymentPostprocessing = 0;
		};
/* End PBXSourcesBuildPhase section */

/* Begin PBXVariantGroup section */
		946A2F57205A0A76003014D3 /* LaunchScreen.storyboard */ = {
			isa = PBXVariantGroup;
			children = (
				946A2F58205A0A76003014D3 /* Base */,
			);
			name = LaunchScreen.storyboard;
			sourceTree = "<group>";
		};
/* End PBXVariantGroup section */

/* Begin XCBuildConfiguration section */
		946A2F5B205A0A76003014D3 /* Debug */ = {
			isa = XCBuildConfiguration;
			buildSettings = {
				ALWAYS_SEARCH_USER_PATHS = NO;
				CLANG_ANALYZER_NONNULL = YES;
				CLANG_ANALYZER_NUMBER_OBJECT_CONVERSION = YES_AGGRESSIVE;
				CLANG_CXX_LANGUAGE_STANDARD = "gnu++14";
				CLANG_CXX_LIBRARY = "libc++";
				CLANG_ENABLE_MODULES = YES;
				CLANG_ENABLE_OBJC_ARC = YES;
				CLANG_WARN_BLOCK_CAPTURE_AUTORELEASING = YES;
				CLANG_WARN_BOOL_CONVERSION = YES;
				CLANG_WARN_COMMA = YES;
				CLANG_WARN_CONSTANT_CONVERSION = YES;
				CLANG_WARN_DIRECT_OBJC_ISA_USAGE = YES_ERROR;
				CLANG_WARN_DOCUMENTATION_COMMENTS = YES;
				CLANG_WARN_EMPTY_BODY = YES;
				CLANG_WARN_ENUM_CONVERSION = YES;
				CLANG_WARN_INFINITE_RECURSION = YES;
				CLANG_WARN_INT_CONVERSION = YES;
				CLANG_WARN_NON_LITERAL_NULL_CONVERSION = YES;
				CLANG_WARN_OBJC_LITERAL_CONVERSION = YES;
				CLANG_WARN_OBJC_ROOT_CLASS = YES_ERROR;
				CLANG_WARN_RANGE_LOOP_ANALYSIS = YES;
				CLANG_WARN_STRICT_PROTOTYPES = YES;
				CLANG_WARN_SUSPICIOUS_MOVE = YES;
				CLANG_WARN_UNGUARDED_AVAILABILITY = YES_AGGRESSIVE;
				CLANG_WARN_UNREACHABLE_CODE = YES;
				CLANG_WARN__DUPLICATE_METHOD_MATCH = YES;
				CODE_SIGN_IDENTITY = "iPhone Developer";
				COPY_PHASE_STRIP = NO;
				DEBUG_INFORMATION_FORMAT = dwarf;
				ENABLE_STRICT_OBJC_MSGSEND = YES;
				ENABLE_TESTABILITY = YES;
				GCC_C_LANGUAGE_STANDARD = gnu11;
				GCC_DYNAMIC_NO_PIC = NO;
				GCC_NO_COMMON_BLOCKS = YES;
				GCC_OPTIMIZATION_LEVEL = 0;
				GCC_PREPROCESSOR_DEFINITIONS = (
					"DEBUG=1",
					"$(inherited)",
				);
				GCC_WARN_64_TO_32_BIT_CONVERSION = YES;
				GCC_WARN_ABOUT_RETURN_TYPE = YES_ERROR;
				GCC_WARN_UNDECLARED_SELECTOR = YES;
				GCC_WARN_UNINITIALIZED_AUTOS = YES_AGGRESSIVE;
				GCC_WARN_UNUSED_FUNCTION = YES;
				GCC_WARN_UNUSED_VARIABLE = YES;
				IPHONEOS_DEPLOYMENT_TARGET = 11.2;
				MTL_ENABLE_DEBUG_INFO = YES;
				ONLY_ACTIVE_ARCH = YES;
				SDKROOT = iphoneos;
				SWIFT_ACTIVE_COMPILATION_CONDITIONS = DEBUG;
				SWIFT_OPTIMIZATION_LEVEL = "-Onone";
			};
			name = Debug;
		};
		946A2F5C205A0A76003014D3 /* Release */ = {
			isa = XCBuildConfiguration;
			buildSettings = {
				ALWAYS_SEARCH_USER_PATHS = NO;
				CLANG_ANALYZER_NONNULL = YES;
				CLANG_ANALYZER_NUMBER_OBJECT_CONVERSION = YES_AGGRESSIVE;
				CLANG_CXX_LANGUAGE_STANDARD = "gnu++14";
				CLANG_CXX_LIBRARY = "libc++";
				CLANG_ENABLE_MODULES = YES;
				CLANG_ENABLE_OBJC_ARC = YES;
				CLANG_WARN_BLOCK_CAPTURE_AUTORELEASING = YES;
				CLANG_WARN_BOOL_CONVERSION = YES;
				CLANG_WARN_COMMA = YES;
				CLANG_WARN_CONSTANT_CONVERSION = YES;
				CLANG_WARN_DIRECT_OBJC_ISA_USAGE = YES_ERROR;
				CLANG_WARN_DOCUMENTATION_COMMENTS = YES;
				CLANG_WARN_EMPTY_BODY = YES;
				CLANG_WARN_ENUM_CONVERSION = YES;
				CLANG_WARN_INFINITE_RECURSION = YES;
				CLANG_WARN_INT_CONVERSION = YES;
				CLANG_WARN_NON_LITERAL_NULL_CONVERSION = YES;
				CLANG_WARN_OBJC_LITERAL_CONVERSION = YES;
				CLANG_WARN_OBJC_ROOT_CLASS = YES_ERROR;
				CLANG_WARN_RANGE_LOOP_ANALYSIS = YES;
				CLANG_WARN_STRICT_PROTOTYPES = YES;
				CLANG_WARN_SUSPICIOUS_MOVE = YES;
				CLANG_WARN_UNGUARDED_AVAILABILITY = YES_AGGRESSIVE;
				CLANG_WARN_UNREACHABLE_CODE = YES;
				CLANG_WARN__DUPLICATE_METHOD_MATCH = YES;
				CODE_SIGN_IDENTITY = "iPhone Developer";
				COPY_PHASE_STRIP = NO;
				DEBUG_INFORMATION_FORMAT = "dwarf-with-dsym";
				ENABLE_NS_ASSERTIONS = NO;
				ENABLE_STRICT_OBJC_MSGSEND = YES;
				GCC_C_LANGUAGE_STANDARD = gnu11;
				GCC_NO_COMMON_BLOCKS = YES;
				GCC_WARN_64_TO_32_BIT_CONVERSION = YES;
				GCC_WARN_ABOUT_RETURN_TYPE = YES_ERROR;
				GCC_WARN_UNDECLARED_SELECTOR = YES;
				GCC_WARN_UNINITIALIZED_AUTOS = YES_AGGRESSIVE;
				GCC_WARN_UNUSED_FUNCTION = YES;
				GCC_WARN_UNUSED_VARIABLE = YES;
				IPHONEOS_DEPLOYMENT_TARGET = 11.2;
				MTL_ENABLE_DEBUG_INFO = NO;
				SDKROOT = iphoneos;
				SWIFT_OPTIMIZATION_LEVEL = "-Owholemodule";
				VALIDATE_PRODUCT = YES;
			};
			name = Release;
		};
		946A2F5E205A0A76003014D3 /* Debug */ = {
			isa = XCBuildConfiguration;
			baseConfigurationReference = E7AAE6542FCF3F454E331ACB /* Pods-TapaTV.debug.xcconfig */;
			buildSettings = {
				ASSETCATALOG_COMPILER_APPICON_NAME = AppIcon;
				CODE_SIGN_STYLE = Automatic;
				DEVELOPMENT_TEAM = NS5XW2Q4P8;
				INFOPLIST_FILE = TapaTV/Info.plist;
				IPHONEOS_DEPLOYMENT_TARGET = 10.0;
				LD_RUNPATH_SEARCH_PATHS = "$(inherited) @executable_path/Frameworks";
				PRODUCT_BUNDLE_IDENTIFIER = com.simpumind.TapaTV;
				PRODUCT_NAME = "$(TARGET_NAME)";
				SWIFT_VERSION = 4.0;
				TARGETED_DEVICE_FAMILY = "1,2";
			};
			name = Debug;
		};
		946A2F5F205A0A76003014D3 /* Release */ = {
			isa = XCBuildConfiguration;
			baseConfigurationReference = 6F2EB7EFB04B21777FB56AF6 /* Pods-TapaTV.release.xcconfig */;
			buildSettings = {
				ASSETCATALOG_COMPILER_APPICON_NAME = AppIcon;
				CODE_SIGN_STYLE = Automatic;
				DEVELOPMENT_TEAM = NS5XW2Q4P8;
				INFOPLIST_FILE = TapaTV/Info.plist;
				IPHONEOS_DEPLOYMENT_TARGET = 10.0;
				LD_RUNPATH_SEARCH_PATHS = "$(inherited) @executable_path/Frameworks";
				PRODUCT_BUNDLE_IDENTIFIER = com.simpumind.TapaTV;
				PRODUCT_NAME = "$(TARGET_NAME)";
				SWIFT_VERSION = 4.0;
				TARGETED_DEVICE_FAMILY = "1,2";
			};
			name = Release;
		};
/* End XCBuildConfiguration section */

/* Begin XCConfigurationList section */
		946A2F46205A0A75003014D3 /* Build configuration list for PBXProject "TapaTV" */ = {
			isa = XCConfigurationList;
			buildConfigurations = (
				946A2F5B205A0A76003014D3 /* Debug */,
				946A2F5C205A0A76003014D3 /* Release */,
			);
			defaultConfigurationIsVisible = 0;
			defaultConfigurationName = Release;
		};
		946A2F5D205A0A76003014D3 /* Build configuration list for PBXNativeTarget "TapaTV" */ = {
			isa = XCConfigurationList;
			buildConfigurations = (
				946A2F5E205A0A76003014D3 /* Debug */,
				946A2F5F205A0A76003014D3 /* Release */,
			);
			defaultConfigurationIsVisible = 0;
			defaultConfigurationName = Release;
		};
/* End XCConfigurationList section */
	};
	rootObject = 946A2F43205A0A75003014D3 /* Project object */;
}
